
Microsoft Visual Studio Solution File, Format Version 12.00
# Visual Studio Version 16
VisualStudioVersion = 16.0.30621.155
MinimumVisualStudioVersion = 10.0.40219.1
Project("{FAE04EC0-301F-11D3-BF4B-00C04F79EFBC}") = "NBox", "NCorp Mail Client\NBox.csproj", "{C9D256AF-DB47-49A7-B3AD-AA02E59AB987}"
EndProject
Project("{54435603-DBB4-11D2-8724-00A0C9A8B90C}") = "NboxClientSetup", "NboxClientSetup\NboxClientSetup.vdproj", "{4574561B-EABD-4C8D-8137-C6F45460EE9C}"
EndProject
Global
	GlobalSection(SolutionConfigurationPlatforms) = preSolution
		Debug|Any CPU = Debug|Any CPU
		Debug|x64 = Debug|x64
		Release|Any CPU = Release|Any CPU
		Release|x64 = Release|x64
	EndGlobalSection
	GlobalSection(ProjectConfigurationPlatforms) = postSolution
		{C9D256AF-DB47-49A7-B3AD-AA02E59AB987}.Debug|Any CPU.ActiveCfg = Debug|Any CPU
		{C9D256AF-DB47-49A7-B3AD-AA02E59AB987}.Debug|Any CPU.Build.0 = Debug|Any CPU
		{C9D256AF-DB47-49A7-B3AD-AA02E59AB987}.Debug|x64.ActiveCfg = Debug|x64
		{C9D256AF-DB47-49A7-B3AD-AA02E59AB987}.Debug|x64.Build.0 = Debug|x64
		{C9D256AF-DB47-49A7-B3AD-AA02E59AB987}.Release|Any CPU.ActiveCfg = Release|Any CPU
		{C9D256AF-DB47-49A7-B3AD-AA02E59AB987}.Release|Any CPU.Build.0 = Release|Any CPU
		{C9D256AF-DB47-49A7-B3AD-AA02E59AB987}.Release|x64.ActiveCfg = Release|x64
		{C9D256AF-DB47-49A7-B3AD-AA02E59AB987}.Release|x64.Build.0 = Release|x64
		{4574561B-EABD-4C8D-8137-C6F45460EE9C}.Debug|Any CPU.ActiveCfg = Debug
		{4574561B-EABD-4C8D-8137-C6F45460EE9C}.Debug|x64.ActiveCfg = Debug
		{4574561B-EABD-4C8D-8137-C6F45460EE9C}.Release|Any CPU.ActiveCfg = Release
		{4574561B-EABD-4C8D-8137-C6F45460EE9C}.Release|x64.ActiveCfg = Release
	EndGlobalSection
	GlobalSection(SolutionProperties) = preSolution
		HideSolutionNode = FALSE
	EndGlobalSection
	GlobalSection(ExtensibilityGlobals) = postSolution
		SolutionGuid = {2ACC157D-0D4B-4D0A-8943-DD372DC7985F}
	EndGlobalSection
EndGlobal
